# This file is automatically @generated by Cargo.
# It is not intended for manual editing.
version = 4

[[package]]
name = "aoc_common"
version = "0.1.0"

[[package]]
name = "day_five"
version = "0.1.0"
dependencies = [
 "aoc_common",
]

[[package]]
name = "day_four"
version = "0.1.0"
dependencies = [
 "aoc_common",
]

[[package]]
name = "day_one"
version = "0.1.0"
dependencies = [
 "aoc_common",
]

[[package]]
name = "day_three"
version = "0.1.0"
dependencies = [
 "aoc_common",
]

[[package]]
name = "day_two"
version = "0.1.0"
dependencies = [
 "aoc_common",
]
